// !$*UTF8*$!
{
	archiveVersion = 1;
	classes = {
	};
	objectVersion = 50;
	objects = {

/* Begin PBXBuildFile section */
		C72D379E237EA45400C1014A /* AppDelegate.swift in Sources */ = {isa = PBXBuildFile; fileRef = C72D379D237EA45400C1014A /* AppDelegate.swift */; };
		C72D37A0237EA45400C1014A /* SceneDelegate.swift in Sources */ = {isa = PBXBuildFile; fileRef = C72D379F237EA45400C1014A /* SceneDelegate.swift */; };
		C72D37A2237EA45400C1014A /* ViewController.swift in Sources */ = {isa = PBXBuildFile; fileRef = C72D37A1237EA45400C1014A /* ViewController.swift */; };
		C72D37A5237EA45400C1014A /* Main.storyboard in Resources */ = {isa = PBXBuildFile; fileRef = C72D37A3237EA45400C1014A /* Main.storyboard */; };
		C72D37A8237EA45400C1014A /* GitHubActionsTest.xcdatamodeld in Sources */ = {isa = PBXBuildFile; fileRef = C72D37A6237EA45400C1014A /* GitHubActionsTest.xcdatamodeld */; };
		C72D37AA237EA45500C1014A /* Assets.xcassets in Resources */ = {isa = PBXBuildFile; fileRef = C72D37A9237EA45500C1014A /* Assets.xcassets */; };
		C72D37AD237EA45500C1014A /* LaunchScreen.storyboard in Resources */ = {isa = PBXBuildFile; fileRef = C72D37AB237EA45500C1014A /* LaunchScreen.storyboard */; };
/* End PBXBuildFile section */

/* Begin PBXFileReference section */
		C72D379A237EA45400C1014A /* GitHubActionsTest.app */ = {isa = PBXFileReference; explicitFileType = wrapper.application; includeInIndex = 0; path = GitHubActionsTest.app; sourceTree = BUILT_PRODUCTS_DIR; };
		C72D379D237EA45400C1014A /* AppDelegate.swift */ = {isa = PBXFileReference; lastKnownFileType = sourcecode.swift; path = AppDelegate.swift; sourceTree = "<group>"; };
		C72D379F237EA45400C1014A /* SceneDelegate.swift */ = {isa = PBXFileReference; lastKnownFileType = sourcecode.swift; path = SceneDelegate.swift; sourceTree = "<group>"; };
		C72D37A1237EA45400C1014A /* ViewController.swift */ = {isa = PBXFileReference; lastKnownFileType = sourcecode.swift; path = ViewController.swift; sourceTree = "<group>"; };
		C72D37A4237EA45400C1014A /* Base */ = {isa = PBXFileReference; lastKnownFileType = file.storyboard; name = Base; path = Base.lproj/Main.storyboard; sourceTree = "<group>"; };
		C72D37A7237EA45400C1014A /* GitHubActionsTest.xcdatamodel */ = {isa = PBXFileReference; lastKnownFileType = wrapper.xcdatamodel; path = GitHubActionsTest.xcdatamodel; sourceTree = "<group>"; };
		C72D37A9237EA45500C1014A /* Assets.xcassets */ = {isa = PBXFileReference; lastKnownFileType = folder.assetcatalog; path = Assets.xcassets; sourceTree = "<group>"; };
		C72D37AC237EA45500C1014A /* Base */ = {isa = PBXFileReference; lastKnownFileType = file.storyboard; name = Base; path = Base.lproj/LaunchScreen.storyboard; sourceTree = "<group>"; };
		C72D37AE237EA45500C1014A /* Info.plist */ = {isa = PBXFileReference; lastKnownFileType = text.plist.xml; path = Info.plist; sourceTree = "<group>"; };
/* End PBXFileReference section */

/* Begin PBXFrameworksBuildPhase section */
		C72D3797237EA45400C1014A /* Frameworks */ = {
			isa = PBXFrameworksBuildPhase;
			buildActionMask = 2147483647;
			files = (
			);
			runOnlyForDeploymentPostprocessing = 0;
		};
/* End PBXFrameworksBuildPhase section */

/* Begin PBXGroup section */
		C72D3791237EA45400C1014A = {
			isa = PBXGroup;
			children = (
				C72D379C237EA45400C1014A /* GitHubActionsTest */,
				C72D379B237EA45400C1014A /* Products */,
			);
			sourceTree = "<group>";
		};
		C72D379B237EA45400C1014A /* Products */ = {
			isa = PBXGroup;
			children = (
				C72D379A237EA45400C1014A /* GitHubActionsTest.app */,
			);
			name = Products;
			sourceTree = "<group>";
		};
		C72D379C237EA45400C1014A /* GitHubActionsTest */ = {
			isa = PBXGroup;
			children = (
				C72D379D237EA45400C1014A /* AppDelegate.swift */,
				C72D379F237EA45400C1014A /* SceneDelegate.swift */,
				C72D37A1237EA45400C1014A /* ViewController.swift */,
				C72D37A3237EA45400C1014A /* Main.storyboard */,
				C72D37A9237EA45500C1014A /* Assets.xcassets */,
				C72D37AB237EA45500C1014A /* LaunchScreen.storyboard */,
				C72D37AE237EA45500C1014A /* Info.plist */,
				C72D37A6237EA45400C1014A /* GitHubActionsTest.xcdatamodeld */,
			);
			path = GitHubActionsTest;
			sourceTree = "<group>";
		};
/* End PBXGroup section */

/* Begin PBXNativeTarget section */
		C72D3799237EA45400C1014A /* GitHubActionsTest */ = {
			isa = PBXNativeTarget;
			buildConfigurationList = C72D37B1237EA45500C1014A /* Build configuration list for PBXNativeTarget "GitHubActionsTest" */;
			buildPhases = (
				C72D3796237EA45400C1014A /* Sources */,
				C72D3797237EA45400C1014A /* Frameworks */,
				C72D3798237EA45400C1014A /* Resources */,
			);
			buildRules = (
			);
			dependencies = (
			);
			name = GitHubActionsTest;
			productName = GitHubActionsTest;
			productReference = C72D379A237EA45400C1014A /* GitHubActionsTest.app */;
			productType = "com.apple.product-type.application";
		};
/* End PBXNativeTarget section */

/* Begin PBXProject section */
		C72D3792237EA45400C1014A /* Project object */ = {
			isa = PBXProject;
			attributes = {
				LastSwiftUpdateCheck = 1120;
				LastUpgradeCheck = 1120;
				ORGANIZATIONNAME = Bitban;
				TargetAttributes = {
					C72D3799237EA45400C1014A = {
						CreatedOnToolsVersion = 11.2;
					};
				};
			};
			buildConfigurationList = C72D3795237EA45400C1014A /* Build configuration list for PBXProject "GitHubActionsTest" */;
			compatibilityVersion = "Xcode 9.3";
			developmentRegion = en;
			hasScannedForEncodings = 0;
			knownRegions = (
				en,
				Base,
			);
			mainGroup = C72D3791237EA45400C1014A;
			productRefGroup = C72D379B237EA45400C1014A /* Products */;
			projectDirPath = "";
			projectRoot = "";
			targets = (
				C72D3799237EA45400C1014A /* GitHubActionsTest */,
			);
		};
/* End PBXProject section */

/* Begin PBXResourcesBuildPhase section */
		C72D3798237EA45400C1014A /* Resources */ = {
			isa = PBXResourcesBuildPhase;
			buildActionMask = 2147483647;
			files = (
				C72D37AD237EA45500C1014A /* LaunchScreen.storyboard in Resources */,
				C72D37AA237EA45500C1014A /* Assets.xcassets in Resources */,
				C72D37A5237EA45400C1014A /* Main.storyboard in Resources */,
			);
			runOnlyForDeploymentPostprocessing = 0;
		};
/* End PBXResourcesBuildPhase section */

/* Begin PBXSourcesBuildPhase section */
		C72D3796237EA45400C1014A /* Sources */ = {
			isa = PBXSourcesBuildPhase;
			buildActionMask = 2147483647;
			files = (
				C72D37A2237EA45400C1014A /* ViewController.swift in Sources */,
				C72D379E237EA45400C1014A /* AppDelegate.swift in Sources */,
				C72D37A8237EA45400C1014A /* GitHubActionsTest.xcdatamodeld in Sources */,
				C72D37A0237EA45400C1014A /* SceneDelegate.swift in Sources */,
			);
			runOnlyForDeploymentPostprocessing = 0;
		};
/* End PBXSourcesBuildPhase section */

/* Begin PBXVariantGroup section */
		C72D37A3237EA45400C1014A /* Main.storyboard */ = {
			isa = PBXVariantGroup;
			children = (
				C72D37A4237EA45400C1014A /* Base */,
			);
			name = Main.storyboard;
			sourceTree = "<group>";
		};
		C72D37AB237EA45500C1014A /* LaunchScreen.storyboard */ = {
			isa = PBXVariantGroup;
			children = (
				C72D37AC237EA45500C1014A /* Base */,
			);
			name = LaunchScreen.storyboard;
			sourceTree = "<group>";
		};
/* End PBXVariantGroup section */

/* Begin XCBuildConfiguration section */
		C72D37AF237EA45500C1014A /* Debug */ = {
			isa = XCBuildConfiguration;
			buildSettings = {
				ALWAYS_SEARCH_USER_PATHS = NO;
				CLANG_ANALYZER_NONNULL = YES;
				CLANG_ANALYZER_NUMBER_OBJECT_CONVERSION = YES_AGGRESSIVE;
				CLANG_CXX_LANGUAGE_STANDARD = "gnu++14";
				CLANG_CXX_LIBRARY = "libc++";
				CLANG_ENABLE_MODULES = YES;
				CLANG_ENABLE_OBJC_ARC = YES;
				CLANG_ENABLE_OBJC_WEAK = YES;
				CLANG_WARN_BLOCK_CAPTURE_AUTORELEASING = YES;
				CLANG_WARN_BOOL_CONVERSION = YES;
				CLANG_WARN_COMMA = YES;
				CLANG_WARN_CONSTANT_CONVERSION = YES;
				CLANG_WARN_DEPRECATED_OBJC_IMPLEMENTATIONS = YES;
				CLANG_WARN_DIRECT_OBJC_ISA_USAGE = YES_ERROR;
				CLANG_WARN_DOCUMENTATION_COMMENTS = YES;
				CLANG_WARN_EMPTY_BODY = YES;
				CLANG_WARN_ENUM_CONVERSION = YES;
				CLANG_WARN_INFINITE_RECURSION = YES;
				CLANG_WARN_INT_CONVERSION = YES;
				CLANG_WARN_NON_LITERAL_NULL_CONVERSION = YES;
				CLANG_WARN_OBJC_IMPLICIT_RETAIN_SELF = YES;
				CLANG_WARN_OBJC_LITERAL_CONVERSION = YES;
				CLANG_WARN_OBJC_ROOT_CLASS = YES_ERROR;
				CLANG_WARN_RANGE_LOOP_ANALYSIS = YES;
				CLANG_WARN_STRICT_PROTOTYPES = YES;
				CLANG_WARN_SUSPICIOUS_MOVE = YES;
				CLANG_WARN_UNGUARDED_AVAILABILITY = YES_AGGRESSIVE;
				CLANG_WARN_UNREACHABLE_CODE = YES;
				CLANG_WARN__DUPLICATE_METHOD_MATCH = YES;
				COPY_PHASE_STRIP = NO;
				DEBUG_INFORMATION_FORMAT = dwarf;
				ENABLE_STRICT_OBJC_MSGSEND = YES;
				ENABLE_TESTABILITY = YES;
				GCC_C_LANGUAGE_STANDARD = gnu11;
				GCC_DYNAMIC_NO_PIC = NO;
				GCC_NO_COMMON_BLOCKS = YES;
				GCC_OPTIMIZATION_LEVEL = 0;
				GCC_PREPROCESSOR_DEFINITIONS = (
					"DEBUG=1",
					"$(inherited)",
				);
				GCC_WARN_64_TO_32_BIT_CONVERSION = YES;
				GCC_WARN_ABOUT_RETURN_TYPE = YES_ERROR;
				GCC_WARN_UNDECLARED_SELECTOR = YES;
				GCC_WARN_UNINITIALIZED_AUTOS = YES_AGGRESSIVE;
				GCC_WARN_UNUSED_FUNCTION = YES;
				GCC_WARN_UNUSED_VARIABLE = YES;
				IPHONEOS_DEPLOYMENT_TARGET = 13.2;
				MTL_ENABLE_DEBUG_INFO = INCLUDE_SOURCE;
				MTL_FAST_MATH = YES;
				ONLY_ACTIVE_ARCH = YES;
				SDKROOT = iphoneos;
				SWIFT_ACTIVE_COMPILATION_CONDITIONS = DEBUG;
				SWIFT_OPTIMIZATION_LEVEL = "-Onone";
			};
			name = Debug;
		};
		C72D37B0237EA45500C1014A /* Release */ = {
			isa = XCBuildConfiguration;
			buildSettings = {
				ALWAYS_SEARCH_USER_PATHS = NO;
				CLANG_ANALYZER_NONNULL = YES;
				CLANG_ANALYZER_NUMBER_OBJECT_CONVERSION = YES_AGGRESSIVE;
				CLANG_CXX_LANGUAGE_STANDARD = "gnu++14";
				CLANG_CXX_LIBRARY = "libc++";
				CLANG_ENABLE_MODULES = YES;
				CLANG_ENABLE_OBJC_ARC = YES;
				CLANG_ENABLE_OBJC_WEAK = YES;
				CLANG_WARN_BLOCK_CAPTURE_AUTORELEASING = YES;
				CLANG_WARN_BOOL_CONVERSION = YES;
				CLANG_WARN_COMMA = YES;
				CLANG_WARN_CONSTANT_CONVERSION = YES;
				CLANG_WARN_DEPRECATED_OBJC_IMPLEMENTATIONS = YES;
				CLANG_WARN_DIRECT_OBJC_ISA_USAGE = YES_ERROR;
				CLANG_WARN_DOCUMENTATION_COMMENTS = YES;
				CLANG_WARN_EMPTY_BODY = YES;
				CLANG_WARN_ENUM_CONVERSION = YES;
				CLANG_WARN_INFINITE_RECURSION = YES;
				CLANG_WARN_INT_CONVERSION = YES;
				CLANG_WARN_NON_LITERAL_NULL_CONVERSION = YES;
				CLANG_WARN_OBJC_IMPLICIT_RETAIN_SELF = YES;
				CLANG_WARN_OBJC_LITERAL_CONVERSION = YES;
				CLANG_WARN_OBJC_ROOT_CLASS = YES_ERROR;
				CLANG_WARN_RANGE_LOOP_ANALYSIS = YES;
				CLANG_WARN_STRICT_PROTOTYPES = YES;
				CLANG_WARN_SUSPICIOUS_MOVE = YES;
				CLANG_WARN_UNGUARDED_AVAILABILITY = YES_AGGRESSIVE;
				CLANG_WARN_UNREACHABLE_CODE = YES;
				CLANG_WARN__DUPLICATE_METHOD_MATCH = YES;
				COPY_PHASE_STRIP = NO;
				DEBUG_INFORMATION_FORMAT = "dwarf-with-dsym";
				ENABLE_NS_ASSERTIONS = NO;
				ENABLE_STRICT_OBJC_MSGSEND = YES;
				GCC_C_LANGUAGE_STANDARD = gnu11;
				GCC_NO_COMMON_BLOCKS = YES;
				GCC_WARN_64_TO_32_BIT_CONVERSION = YES;
				GCC_WARN_ABOUT_RETURN_TYPE = YES_ERROR;
				GCC_WARN_UNDECLARED_SELECTOR = YES;
				GCC_WARN_UNINITIALIZED_AUTOS = YES_AGGRESSIVE;
				GCC_WARN_UNUSED_FUNCTION = YES;
				GCC_WARN_UNUSED_VARIABLE = YES;
				IPHONEOS_DEPLOYMENT_TARGET = 13.2;
				MTL_ENABLE_DEBUG_INFO = NO;
				MTL_FAST_MATH = YES;
				SDKROOT = iphoneos;
				SWIFT_COMPILATION_MODE = wholemodule;
				SWIFT_OPTIMIZATION_LEVEL = "-O";
				VALIDATE_PRODUCT = YES;
			};
			name = Release;
		};
		C72D37B2237EA45500C1014A /* Debug */ = {
			isa = XCBuildConfiguration;
			buildSettings = {
				ASSETCATALOG_COMPILER_APPICON_NAME = AppIcon;
				CODE_SIGN_STYLE = Automatic;
				DEVELOPMENT_TEAM = LTWTR6D3HJ;
				INFOPLIST_FILE = GitHubActionsTest/Info.plist;
				LD_RUNPATH_SEARCH_PATHS = (
					"$(inherited)",
					"@executable_path/Frameworks",
				);
				PRODUCT_BUNDLE_IDENTIFIER = com.bitban.labs.github.GitHubActionsTest;
				PRODUCT_NAME = "$(TARGET_NAME)";
				SWIFT_VERSION = 5.0;
				TARGETED_DEVICE_FAMILY = "1,2";
			};
			name = Debug;
		};
		C72D37B3237EA45500C1014A /* Release */ = {
			isa = XCBuildConfiguration;
			buildSettings = {
				ASSETCATALOG_COMPILER_APPICON_NAME = AppIcon;
				CODE_SIGN_STYLE = Automatic;
				DEVELOPMENT_TEAM = LTWTR6D3HJ;
				INFOPLIST_FILE = GitHubActionsTest/Info.plist;
				LD_RUNPATH_SEARCH_PATHS = (
					"$(inherited)",
					"@executable_path/Frameworks",
				);
				PRODUCT_BUNDLE_IDENTIFIER = com.bitban.labs.github.GitHubActionsTest;
				PRODUCT_NAME = "$(TARGET_NAME)";
				SWIFT_VERSION = 5.0;
				TARGETED_DEVICE_FAMILY = "1,2";
			};
			name = Release;
		};
/* End XCBuildConfiguration section */

/* Begin XCConfigurationList section */
		C72D3795237EA45400C1014A /* Build configuration list for PBXProject "GitHubActionsTest" */ = {
			isa = XCConfigurationList;
			buildConfigurations = (
				C72D37AF237EA45500C1014A /* Debug */,
				C72D37B0237EA45500C1014A /* Release */,
			);
			defaultConfigurationIsVisible = 0;
			defaultConfigurationName = Release;
		};
		C72D37B1237EA45500C1014A /* Build configuration list for PBXNativeTarget "GitHubActionsTest" */ = {
			isa = XCConfigurationList;
			buildConfigurations = (
				C72D37B2237EA45500C1014A /* Debug */,
				C72D37B3237EA45500C1014A /* Release */,
			);
			defaultConfigurationIsVisible = 0;
			defaultConfigurationName = Release;
		};
/* End XCConfigurationList section */

/* Begin XCVersionGroup section */
		C72D37A6237EA45400C1014A /* GitHubActionsTest.xcdatamodeld */ = {
			isa = XCVersionGroup;
			children = (
				C72D37A7237EA45400C1014A /* GitHubActionsTest.xcdatamodel */,
			);
			currentVersion = C72D37A7237EA45400C1014A /* GitHubActionsTest.xcdatamodel */;
			path = GitHubActionsTest.xcdatamodeld;
			sourceTree = "<group>";
			versionGroupType = wrapper.xcdatamodel;
		};
/* End XCVersionGroup section */
	};
	rootObject = C72D3792237EA45400C1014A /* Project object */;
}
